// !$*UTF8*$!
{
	archiveVersion = 1;
	classes = {
	};
	objectVersion = 46;
	objects = {

/* Begin PBXBuildFile section */
		F17180DA1ED25A1600C76C57 /* AppDelegate.swift in Sources */ = {isa = PBXBuildFile; fileRef = F17180D91ED25A1600C76C57 /* AppDelegate.swift */; };
		F17180DC1ED25A1600C76C57 /* PropertiesController.swift in Sources */ = {isa = PBXBuildFile; fileRef = F17180DB1ED25A1600C76C57 /* PropertiesController.swift */; };
		F17180DF1ED25A1600C76C57 /* Main.storyboard in Resources */ = {isa = PBXBuildFile; fileRef = F17180DD1ED25A1600C76C57 /* Main.storyboard */; };
		F17180E11ED25A1600C76C57 /* Assets.xcassets in Resources */ = {isa = PBXBuildFile; fileRef = F17180E01ED25A1600C76C57 /* Assets.xcassets */; };
		F17180E41ED25A1600C76C57 /* LaunchScreen.storyboard in Resources */ = {isa = PBXBuildFile; fileRef = F17180E21ED25A1600C76C57 /* LaunchScreen.storyboard */; };
/* End PBXBuildFile section */

/* Begin PBXFileReference section */
		F17180D61ED25A1600C76C57 /* NestDemoDomain.app */ = {isa = PBXFileReference; explicitFileType = wrapper.application; includeInIndex = 0; path = NestDemoDomain.app; sourceTree = BUILT_PRODUCTS_DIR; };
		F17180D91ED25A1600C76C57 /* AppDelegate.swift */ = {isa = PBXFileReference; lastKnownFileType = sourcecode.swift; path = AppDelegate.swift; sourceTree = "<group>"; };
		F17180DB1ED25A1600C76C57 /* PropertiesController.swift */ = {isa = PBXFileReference; lastKnownFileType = sourcecode.swift; path = PropertiesController.swift; sourceTree = "<group>"; };
		F17180DE1ED25A1600C76C57 /* Base */ = {isa = PBXFileReference; lastKnownFileType = file.storyboard; name = Base; path = Base.lproj/Main.storyboard; sourceTree = "<group>"; };
		F17180E01ED25A1600C76C57 /* Assets.xcassets */ = {isa = PBXFileReference; lastKnownFileType = folder.assetcatalog; path = Assets.xcassets; sourceTree = "<group>"; };
		F17180E31ED25A1600C76C57 /* Base */ = {isa = PBXFileReference; lastKnownFileType = file.storyboard; name = Base; path = Base.lproj/LaunchScreen.storyboard; sourceTree = "<group>"; };
		F17180E51ED25A1600C76C57 /* Info.plist */ = {isa = PBXFileReference; lastKnownFileType = text.plist.xml; path = Info.plist; sourceTree = "<group>"; };
/* End PBXFileReference section */

/* Begin PBXFrameworksBuildPhase section */
		F17180D31ED25A1600C76C57 /* Frameworks */ = {
			isa = PBXFrameworksBuildPhase;
			buildActionMask = 2147483647;
			files = (
			);
			runOnlyForDeploymentPostprocessing = 0;
		};
/* End PBXFrameworksBuildPhase section */

/* Begin PBXGroup section */
		F17180CD1ED25A1600C76C57 = {
			isa = PBXGroup;
			children = (
				F17180D81ED25A1600C76C57 /* NestDemoDomain */,
				F17180D71ED25A1600C76C57 /* Products */,
			);
			sourceTree = "<group>";
		};
		F17180D71ED25A1600C76C57 /* Products */ = {
			isa = PBXGroup;
			children = (
				F17180D61ED25A1600C76C57 /* NestDemoDomain.app */,
			);
			name = Products;
			sourceTree = "<group>";
		};
		F17180D81ED25A1600C76C57 /* NestDemoDomain */ = {
			isa = PBXGroup;
			children = (
				F17180D91ED25A1600C76C57 /* AppDelegate.swift */,
				F17180DB1ED25A1600C76C57 /* PropertiesController.swift */,
				F17180DD1ED25A1600C76C57 /* Main.storyboard */,
				F17180E01ED25A1600C76C57 /* Assets.xcassets */,
				F17180E21ED25A1600C76C57 /* LaunchScreen.storyboard */,
				F17180E51ED25A1600C76C57 /* Info.plist */,
			);
			path = NestDemoDomain;
			sourceTree = "<group>";
		};
/* End PBXGroup section */

/* Begin PBXNativeTarget section */
		F17180D51ED25A1600C76C57 /* NestDemoDomain */ = {
			isa = PBXNativeTarget;
			buildConfigurationList = F17180E81ED25A1600C76C57 /* Build configuration list for PBXNativeTarget "NestDemoDomain" */;
			buildPhases = (
				F17180D21ED25A1600C76C57 /* Sources */,
				F17180D31ED25A1600C76C57 /* Frameworks */,
				F17180D41ED25A1600C76C57 /* Resources */,
			);
			buildRules = (
			);
			dependencies = (
			);
			name = NestDemoDomain;
			productName = NestDemoDomain;
			productReference = F17180D61ED25A1600C76C57 /* NestDemoDomain.app */;
			productType = "com.apple.product-type.application";
		};
/* End PBXNativeTarget section */

/* Begin PBXProject section */
		F17180CE1ED25A1600C76C57 /* Project object */ = {
			isa = PBXProject;
			attributes = {
				LastSwiftUpdateCheck = 0830;
				LastUpgradeCheck = 0830;
				ORGANIZATIONNAME = Navdeep;
				TargetAttributes = {
					F17180D51ED25A1600C76C57 = {
						CreatedOnToolsVersion = 8.3.2;
						ProvisioningStyle = Automatic;
					};
				};
			};
			buildConfigurationList = F17180D11ED25A1600C76C57 /* Build configuration list for PBXProject "NestDemoDomain" */;
			compatibilityVersion = "Xcode 3.2";
			developmentRegion = English;
			hasScannedForEncodings = 0;
			knownRegions = (
				en,
				Base,
			);
			mainGroup = F17180CD1ED25A1600C76C57;
			productRefGroup = F17180D71ED25A1600C76C57 /* Products */;
			projectDirPath = "";
			projectRoot = "";
			targets = (
				F17180D51ED25A1600C76C57 /* NestDemoDomain */,
			);
		};
/* End PBXProject section */

/* Begin PBXResourcesBuildPhase section */
		F17180D41ED25A1600C76C57 /* Resources */ = {
			isa = PBXResourcesBuildPhase;
			buildActionMask = 2147483647;
			files = (
				F17180E41ED25A1600C76C57 /* LaunchScreen.storyboard in Resources */,
				F17180E11ED25A1600C76C57 /* Assets.xcassets in Resources */,
				F17180DF1ED25A1600C76C57 /* Main.storyboard in Resources */,
			);
			runOnlyForDeploymentPostprocessing = 0;
		};
/* End PBXResourcesBuildPhase section */

/* Begin PBXSourcesBuildPhase section */
		F17180D21ED25A1600C76C57 /* Sources */ = {
			isa = PBXSourcesBuildPhase;
			buildActionMask = 2147483647;
			files = (
				F17180DC1ED25A1600C76C57 /* PropertiesController.swift in Sources */,
				F17180DA1ED25A1600C76C57 /* AppDelegate.swift in Sources */,
			);
			runOnlyForDeploymentPostprocessing = 0;
		};
/* End PBXSourcesBuildPhase section */

/* Begin PBXVariantGroup section */
		F17180DD1ED25A1600C76C57 /* Main.storyboard */ = {
			isa = PBXVariantGroup;
			children = (
				F17180DE1ED25A1600C76C57 /* Base */,
			);
			name = Main.storyboard;
			sourceTree = "<group>";
		};
		F17180E21ED25A1600C76C57 /* LaunchScreen.storyboard */ = {
			isa = PBXVariantGroup;
			children = (
				F17180E31ED25A1600C76C57 /* Base */,
			);
			name = LaunchScreen.storyboard;
			sourceTree = "<group>";
		};
/* End PBXVariantGroup section */

/* Begin XCBuildConfiguration section */
		F17180E61ED25A1600C76C57 /* Debug */ = {
			isa = XCBuildConfiguration;
			buildSettings = {
				ALWAYS_SEARCH_USER_PATHS = NO;
				CLANG_ANALYZER_NONNULL = YES;
				CLANG_ANALYZER_NUMBER_OBJECT_CONVERSION = YES_AGGRESSIVE;
				CLANG_CXX_LANGUAGE_STANDARD = "gnu++0x";
				CLANG_CXX_LIBRARY = "libc++";
				CLANG_ENABLE_MODULES = YES;
				CLANG_ENABLE_OBJC_ARC = YES;
				CLANG_WARN_BOOL_CONVERSION = YES;
				CLANG_WARN_CONSTANT_CONVERSION = YES;
				CLANG_WARN_DIRECT_OBJC_ISA_USAGE = YES_ERROR;
				CLANG_WARN_DOCUMENTATION_COMMENTS = YES;
				CLANG_WARN_EMPTY_BODY = YES;
				CLANG_WARN_ENUM_CONVERSION = YES;
				CLANG_WARN_INFINITE_RECURSION = YES;
				CLANG_WARN_INT_CONVERSION = YES;
				CLANG_WARN_OBJC_ROOT_CLASS = YES_ERROR;
				CLANG_WARN_SUSPICIOUS_MOVE = YES;
				CLANG_WARN_UNREACHABLE_CODE = YES;
				CLANG_WARN__DUPLICATE_METHOD_MATCH = YES;
				"CODE_SIGN_IDENTITY[sdk=iphoneos*]" = "iPhone Developer";
				COPY_PHASE_STRIP = NO;
				DEBUG_INFORMATION_FORMAT = dwarf;
				ENABLE_STRICT_OBJC_MSGSEND = YES;
				ENABLE_TESTABILITY = YES;
				GCC_C_LANGUAGE_STANDARD = gnu99;
				GCC_DYNAMIC_NO_PIC = NO;
				GCC_NO_COMMON_BLOCKS = YES;
				GCC_OPTIMIZATION_LEVEL = 0;
				GCC_PREPROCESSOR_DEFINITIONS = (
					"DEBUG=1",
					"$(inherited)",
				);
				GCC_WARN_64_TO_32_BIT_CONVERSION = YES;
				GCC_WARN_ABOUT_RETURN_TYPE = YES_ERROR;
				GCC_WARN_UNDECLARED_SELECTOR = YES;
				GCC_WARN_UNINITIALIZED_AUTOS = YES_AGGRESSIVE;
				GCC_WARN_UNUSED_FUNCTION = YES;
				GCC_WARN_UNUSED_VARIABLE = YES;
				IPHONEOS_DEPLOYMENT_TARGET = 10.3;
				MTL_ENABLE_DEBUG_INFO = YES;
				ONLY_ACTIVE_ARCH = YES;
				SDKROOT = iphoneos;
				SWIFT_ACTIVE_COMPILATION_CONDITIONS = DEBUG;
				SWIFT_OPTIMIZATION_LEVEL = "-Onone";
				TARGETED_DEVICE_FAMILY = "1,2";
			};
			name = Debug;
		};
		F17180E71ED25A1600C76C57 /* Release */ = {
			isa = XCBuildConfiguration;
			buildSettings = {
				ALWAYS_SEARCH_USER_PATHS = NO;
				CLANG_ANALYZER_NONNULL = YES;
				CLANG_ANALYZER_NUMBER_OBJECT_CONVERSION = YES_AGGRESSIVE;
				CLANG_CXX_LANGUAGE_STANDARD = "gnu++0x";
				CLANG_CXX_LIBRARY = "libc++";
				CLANG_ENABLE_MODULES = YES;
				CLANG_ENABLE_OBJC_ARC = YES;
				CLANG_WARN_BOOL_CONVERSION = YES;
				CLANG_WARN_CONSTANT_CONVERSION = YES;
				CLANG_WARN_DIRECT_OBJC_ISA_USAGE = YES_ERROR;
				CLANG_WARN_DOCUMENTATION_COMMENTS = YES;
				CLANG_WARN_EMPTY_BODY = YES;
				CLANG_WARN_ENUM_CONVERSION = YES;
				CLANG_WARN_INFINITE_RECURSION = YES;
				CLANG_WARN_INT_CONVERSION = YES;
				CLANG_WARN_OBJC_ROOT_CLASS = YES_ERROR;
				CLANG_WARN_SUSPICIOUS_MOVE = YES;
				CLANG_WARN_UNREACHABLE_CODE = YES;
				CLANG_WARN__DUPLICATE_METHOD_MATCH = YES;
				"CODE_SIGN_IDENTITY[sdk=iphoneos*]" = "iPhone Developer";
				COPY_PHASE_STRIP = NO;
				DEBUG_INFORMATION_FORMAT = "dwarf-with-dsym";
				ENABLE_NS_ASSERTIONS = NO;
				ENABLE_STRICT_OBJC_MSGSEND = YES;
				GCC_C_LANGUAGE_STANDARD = gnu99;
				GCC_NO_COMMON_BLOCKS = YES;
				GCC_WARN_64_TO_32_BIT_CONVERSION = YES;
				GCC_WARN_ABOUT_RETURN_TYPE = YES_ERROR;
				GCC_WARN_UNDECLARED_SELECTOR = YES;
				GCC_WARN_UNINITIALIZED_AUTOS = YES_AGGRESSIVE;
				GCC_WARN_UNUSED_FUNCTION = YES;
				GCC_WARN_UNUSED_VARIABLE = YES;
				IPHONEOS_DEPLOYMENT_TARGET = 10.3;
				MTL_ENABLE_DEBUG_INFO = NO;
				SDKROOT = iphoneos;
				SWIFT_OPTIMIZATION_LEVEL = "-Owholemodule";
				TARGETED_DEVICE_FAMILY = "1,2";
				VALIDATE_PRODUCT = YES;
			};
			name = Release;
		};
		F17180E91ED25A1600C76C57 /* Debug */ = {
			isa = XCBuildConfiguration;
			buildSettings = {
				ASSETCATALOG_COMPILER_APPICON_NAME = AppIcon;
				INFOPLIST_FILE = NestDemoDomain/Info.plist;
				LD_RUNPATH_SEARCH_PATHS = "$(inherited) @executable_path/Frameworks";
				PRODUCT_BUNDLE_IDENTIFIER = com.Navdeep.NestDemoDomain;
				PRODUCT_NAME = "$(TARGET_NAME)";
				SWIFT_VERSION = 3.0;
			};
			name = Debug;
		};
		F17180EA1ED25A1600C76C57 /* Release */ = {
			isa = XCBuildConfiguration;
			buildSettings = {
				ASSETCATALOG_COMPILER_APPICON_NAME = AppIcon;
				INFOPLIST_FILE = NestDemoDomain/Info.plist;
				LD_RUNPATH_SEARCH_PATHS = "$(inherited) @executable_path/Frameworks";
				PRODUCT_BUNDLE_IDENTIFIER = com.Navdeep.NestDemoDomain;
				PRODUCT_NAME = "$(TARGET_NAME)";
				SWIFT_VERSION = 3.0;
			};
			name = Release;
		};
/* End XCBuildConfiguration section */

/* Begin XCConfigurationList section */
		F17180D11ED25A1600C76C57 /* Build configuration list for PBXProject "NestDemoDomain" */ = {
			isa = XCConfigurationList;
			buildConfigurations = (
				F17180E61ED25A1600C76C57 /* Debug */,
				F17180E71ED25A1600C76C57 /* Release */,
			);
			defaultConfigurationIsVisible = 0;
			defaultConfigurationName = Release;
		};
		F17180E81ED25A1600C76C57 /* Build configuration list for PBXNativeTarget "NestDemoDomain" */ = {
			isa = XCConfigurationList;
			buildConfigurations = (
				F17180E91ED25A1600C76C57 /* Debug */,
				F17180EA1ED25A1600C76C57 /* Release */,
			);
			defaultConfigurationIsVisible = 0;
		};
/* End XCConfigurationList section */
	};
	rootObject = F17180CE1ED25A1600C76C57 /* Project object */;
}
