// !$*UTF8*$!
{
	archiveVersion = 1;
	classes = {
	};
	objectVersion = 46;
	objects = {

/* Begin PBXBuildFile section */
		F15D1DD71ED508E600EFB16B /* NestDemoDomainMockTests.swift in Sources */ = {isa = PBXBuildFile; fileRef = F15D1DD61ED508E600EFB16B /* NestDemoDomainMockTests.swift */; };
		F15D1DDF1ED5091A00EFB16B /* PropertiesAPIMock.json in Resources */ = {isa = PBXBuildFile; fileRef = F15D1DDE1ED5091A00EFB16B /* PropertiesAPIMock.json */; };
		F15D1DE31ED50A4800EFB16B /* MockURLSession.swift in Sources */ = {isa = PBXBuildFile; fileRef = F15D1DE21ED50A4800EFB16B /* MockURLSession.swift */; };
		F15D1DE41ED50A4800EFB16B /* MockURLSession.swift in Sources */ = {isa = PBXBuildFile; fileRef = F15D1DE21ED50A4800EFB16B /* MockURLSession.swift */; };
		F15D1DE51ED50E3200EFB16B /* APIManager.swift in Sources */ = {isa = PBXBuildFile; fileRef = F1934F341ED3F21E00C2B9EE /* APIManager.swift */; };
		F15D1DE61ED50FCA00EFB16B /* Property.swift in Sources */ = {isa = PBXBuildFile; fileRef = F1934F201ED3BBA000C2B9EE /* Property.swift */; };
		F17180DA1ED25A1600C76C57 /* AppDelegate.swift in Sources */ = {isa = PBXBuildFile; fileRef = F17180D91ED25A1600C76C57 /* AppDelegate.swift */; };
		F17180DC1ED25A1600C76C57 /* PropertiesController.swift in Sources */ = {isa = PBXBuildFile; fileRef = F17180DB1ED25A1600C76C57 /* PropertiesController.swift */; };
		F17180E11ED25A1600C76C57 /* Assets.xcassets in Resources */ = {isa = PBXBuildFile; fileRef = F17180E01ED25A1600C76C57 /* Assets.xcassets */; };
		F17180E41ED25A1600C76C57 /* LaunchScreen.storyboard in Resources */ = {isa = PBXBuildFile; fileRef = F17180E21ED25A1600C76C57 /* LaunchScreen.storyboard */; };
		F17181101ED2A8DB00C76C57 /* PropertiesCell.swift in Sources */ = {isa = PBXBuildFile; fileRef = F171810F1ED2A8DB00C76C57 /* PropertiesCell.swift */; };
		F17181141ED2D76C00C76C57 /* ViewHelper.swift in Sources */ = {isa = PBXBuildFile; fileRef = F17181131ED2D76C00C76C57 /* ViewHelper.swift */; };
		F17D07BE1EDCEF7C00CF5A15 /* APIErrors.swift in Sources */ = {isa = PBXBuildFile; fileRef = F17D07BD1EDCEF7C00CF5A15 /* APIErrors.swift */; };
		F17D07BF1EDCF37600CF5A15 /* APIManager.swift in Sources */ = {isa = PBXBuildFile; fileRef = F1934F341ED3F21E00C2B9EE /* APIManager.swift */; };
		F17D07C01EDD10EE00CF5A15 /* APIErrors.swift in Sources */ = {isa = PBXBuildFile; fileRef = F17D07BD1EDCEF7C00CF5A15 /* APIErrors.swift */; };
		F17D07C11EDD113800CF5A15 /* APIErrors.swift in Sources */ = {isa = PBXBuildFile; fileRef = F17D07BD1EDCEF7C00CF5A15 /* APIErrors.swift */; };
		F17D07C21EDD115800CF5A15 /* Property.swift in Sources */ = {isa = PBXBuildFile; fileRef = F1934F201ED3BBA000C2B9EE /* Property.swift */; };
		F17D07C31EDD116D00CF5A15 /* MockURLSession.swift in Sources */ = {isa = PBXBuildFile; fileRef = F15D1DE21ED50A4800EFB16B /* MockURLSession.swift */; };
		F17D07C41EDD118100CF5A15 /* PropertiesRequestRouter.swift in Sources */ = {isa = PBXBuildFile; fileRef = F1911DEA1ED6AE8800E9A5CE /* PropertiesRequestRouter.swift */; };
		F17D07CC1EDD1D3C00CF5A15 /* NestDemoDomainTests.swift in Sources */ = {isa = PBXBuildFile; fileRef = F17D07CB1EDD1D3C00CF5A15 /* NestDemoDomainTests.swift */; };
		F17D07D51EDD1D9900CF5A15 /* Test.json in Resources */ = {isa = PBXBuildFile; fileRef = F17D07D41EDD1D9900CF5A15 /* Test.json */; };
		F17D07D71EDD241000CF5A15 /* ViewHelper.swift in Sources */ = {isa = PBXBuildFile; fileRef = F17181131ED2D76C00C76C57 /* ViewHelper.swift */; };
		F1911DE71ED647F600E9A5CE /* FeedCell.swift in Sources */ = {isa = PBXBuildFile; fileRef = F1911DE61ED647F600E9A5CE /* FeedCell.swift */; };
		F1911DE91ED6622C00E9A5CE /* BuyCell.swift in Sources */ = {isa = PBXBuildFile; fileRef = F1911DE81ED6622C00E9A5CE /* BuyCell.swift */; };
		F1911DEB1ED6AE8800E9A5CE /* PropertiesRequestRouter.swift in Sources */ = {isa = PBXBuildFile; fileRef = F1911DEA1ED6AE8800E9A5CE /* PropertiesRequestRouter.swift */; };
		F1934F181ED2FB0F00C2B9EE /* MenuBar.swift in Sources */ = {isa = PBXBuildFile; fileRef = F1934F171ED2FB0F00C2B9EE /* MenuBar.swift */; };
		F1934F1A1ED3AD8100C2B9EE /* MenuCell.swift in Sources */ = {isa = PBXBuildFile; fileRef = F1934F191ED3AD8100C2B9EE /* MenuCell.swift */; };
		F1934F1C1ED3B29F00C2B9EE /* BaseCell.swift in Sources */ = {isa = PBXBuildFile; fileRef = F1934F1B1ED3B29F00C2B9EE /* BaseCell.swift */; };
		F1934F211ED3BBA000C2B9EE /* Property.swift in Sources */ = {isa = PBXBuildFile; fileRef = F1934F201ED3BBA000C2B9EE /* Property.swift */; };
		F1934F231ED3C58900C2B9EE /* MenuBar+DelegateMethods.swift in Sources */ = {isa = PBXBuildFile; fileRef = F1934F221ED3C58900C2B9EE /* MenuBar+DelegateMethods.swift */; };
		F1934F251ED3C5E100C2B9EE /* PropertiesController+CollectionViewDelegates.swift in Sources */ = {isa = PBXBuildFile; fileRef = F1934F241ED3C5E100C2B9EE /* PropertiesController+CollectionViewDelegates.swift */; };
		F1934F2D1ED3E66E00C2B9EE /* NestDemoDomainAsyncTests.swift in Sources */ = {isa = PBXBuildFile; fileRef = F1934F2C1ED3E66E00C2B9EE /* NestDemoDomainAsyncTests.swift */; };
		F1934F351ED3F21E00C2B9EE /* APIManager.swift in Sources */ = {isa = PBXBuildFile; fileRef = F1934F341ED3F21E00C2B9EE /* APIManager.swift */; };
		F1C66D901EDABC5700D3FD38 /* PropertiesRequestRouter.swift in Sources */ = {isa = PBXBuildFile; fileRef = F1911DEA1ED6AE8800E9A5CE /* PropertiesRequestRouter.swift */; };
/* End PBXBuildFile section */

/* Begin PBXContainerItemProxy section */
		F15D1DD91ED508E600EFB16B /* PBXContainerItemProxy */ = {
			isa = PBXContainerItemProxy;
			containerPortal = F17180CE1ED25A1600C76C57 /* Project object */;
			proxyType = 1;
			remoteGlobalIDString = F17180D51ED25A1600C76C57;
			remoteInfo = NestDemoDomain;
		};
		F17D07CE1EDD1D3C00CF5A15 /* PBXContainerItemProxy */ = {
			isa = PBXContainerItemProxy;
			containerPortal = F17180CE1ED25A1600C76C57 /* Project object */;
			proxyType = 1;
			remoteGlobalIDString = F17180D51ED25A1600C76C57;
			remoteInfo = NestDemoDomain;
		};
		F1934F2F1ED3E66E00C2B9EE /* PBXContainerItemProxy */ = {
			isa = PBXContainerItemProxy;
			containerPortal = F17180CE1ED25A1600C76C57 /* Project object */;
			proxyType = 1;
			remoteGlobalIDString = F17180D51ED25A1600C76C57;
			remoteInfo = NestDemoDomain;
		};
/* End PBXContainerItemProxy section */

/* Begin PBXFileReference section */
		F15D1DD41ED508E600EFB16B /* NestDemoDomainMockTests.xctest */ = {isa = PBXFileReference; explicitFileType = wrapper.cfbundle; includeInIndex = 0; path = NestDemoDomainMockTests.xctest; sourceTree = BUILT_PRODUCTS_DIR; };
		F15D1DD61ED508E600EFB16B /* NestDemoDomainMockTests.swift */ = {isa = PBXFileReference; lastKnownFileType = sourcecode.swift; path = NestDemoDomainMockTests.swift; sourceTree = "<group>"; };
		F15D1DD81ED508E600EFB16B /* Info.plist */ = {isa = PBXFileReference; lastKnownFileType = text.plist.xml; path = Info.plist; sourceTree = "<group>"; };
		F15D1DDE1ED5091A00EFB16B /* PropertiesAPIMock.json */ = {isa = PBXFileReference; fileEncoding = 4; lastKnownFileType = text.json; path = PropertiesAPIMock.json; sourceTree = "<group>"; };
		F15D1DE21ED50A4800EFB16B /* MockURLSession.swift */ = {isa = PBXFileReference; fileEncoding = 4; lastKnownFileType = sourcecode.swift; path = MockURLSession.swift; sourceTree = "<group>"; };
		F17180D61ED25A1600C76C57 /* NestDemoDomain.app */ = {isa = PBXFileReference; explicitFileType = wrapper.application; includeInIndex = 0; path = NestDemoDomain.app; sourceTree = BUILT_PRODUCTS_DIR; };
		F17180D91ED25A1600C76C57 /* AppDelegate.swift */ = {isa = PBXFileReference; lastKnownFileType = sourcecode.swift; path = AppDelegate.swift; sourceTree = "<group>"; };
		F17180DB1ED25A1600C76C57 /* PropertiesController.swift */ = {isa = PBXFileReference; lastKnownFileType = sourcecode.swift; path = PropertiesController.swift; sourceTree = "<group>"; };
		F17180E01ED25A1600C76C57 /* Assets.xcassets */ = {isa = PBXFileReference; lastKnownFileType = folder.assetcatalog; path = Assets.xcassets; sourceTree = "<group>"; };
		F17180E31ED25A1600C76C57 /* Base */ = {isa = PBXFileReference; lastKnownFileType = file.storyboard; name = Base; path = Base.lproj/LaunchScreen.storyboard; sourceTree = "<group>"; };
		F17180E51ED25A1600C76C57 /* Info.plist */ = {isa = PBXFileReference; lastKnownFileType = text.plist.xml; name = Info.plist; path = ../NestDemoDomain/Info.plist; sourceTree = "<group>"; };
		F171810F1ED2A8DB00C76C57 /* PropertiesCell.swift */ = {isa = PBXFileReference; fileEncoding = 4; lastKnownFileType = sourcecode.swift; path = PropertiesCell.swift; sourceTree = "<group>"; };
		F17181131ED2D76C00C76C57 /* ViewHelper.swift */ = {isa = PBXFileReference; fileEncoding = 4; lastKnownFileType = sourcecode.swift; path = ViewHelper.swift; sourceTree = "<group>"; };
		F17D07BD1EDCEF7C00CF5A15 /* APIErrors.swift */ = {isa = PBXFileReference; fileEncoding = 4; lastKnownFileType = sourcecode.swift; path = APIErrors.swift; sourceTree = "<group>"; };
		F17D07C91EDD1D3C00CF5A15 /* NestDemoDomainTests.xctest */ = {isa = PBXFileReference; explicitFileType = wrapper.cfbundle; includeInIndex = 0; path = NestDemoDomainTests.xctest; sourceTree = BUILT_PRODUCTS_DIR; };
		F17D07CB1EDD1D3C00CF5A15 /* NestDemoDomainTests.swift */ = {isa = PBXFileReference; lastKnownFileType = sourcecode.swift; path = NestDemoDomainTests.swift; sourceTree = "<group>"; };
		F17D07CD1EDD1D3C00CF5A15 /* Info.plist */ = {isa = PBXFileReference; lastKnownFileType = text.plist.xml; path = Info.plist; sourceTree = "<group>"; };
		F17D07D41EDD1D9900CF5A15 /* Test.json */ = {isa = PBXFileReference; fileEncoding = 4; lastKnownFileType = text.json; path = Test.json; sourceTree = "<group>"; };
		F1911DE61ED647F600E9A5CE /* FeedCell.swift */ = {isa = PBXFileReference; fileEncoding = 4; lastKnownFileType = sourcecode.swift; path = FeedCell.swift; sourceTree = "<group>"; };
		F1911DE81ED6622C00E9A5CE /* BuyCell.swift */ = {isa = PBXFileReference; fileEncoding = 4; lastKnownFileType = sourcecode.swift; path = BuyCell.swift; sourceTree = "<group>"; };
		F1911DEA1ED6AE8800E9A5CE /* PropertiesRequestRouter.swift */ = {isa = PBXFileReference; fileEncoding = 4; lastKnownFileType = sourcecode.swift; path = PropertiesRequestRouter.swift; sourceTree = "<group>"; };
		F1934F171ED2FB0F00C2B9EE /* MenuBar.swift */ = {isa = PBXFileReference; fileEncoding = 4; lastKnownFileType = sourcecode.swift; path = MenuBar.swift; sourceTree = "<group>"; };
		F1934F191ED3AD8100C2B9EE /* MenuCell.swift */ = {isa = PBXFileReference; fileEncoding = 4; lastKnownFileType = sourcecode.swift; path = MenuCell.swift; sourceTree = "<group>"; };
		F1934F1B1ED3B29F00C2B9EE /* BaseCell.swift */ = {isa = PBXFileReference; fileEncoding = 4; lastKnownFileType = sourcecode.swift; path = BaseCell.swift; sourceTree = "<group>"; };
		F1934F201ED3BBA000C2B9EE /* Property.swift */ = {isa = PBXFileReference; fileEncoding = 4; lastKnownFileType = sourcecode.swift; path = Property.swift; sourceTree = "<group>"; };
		F1934F221ED3C58900C2B9EE /* MenuBar+DelegateMethods.swift */ = {isa = PBXFileReference; fileEncoding = 4; lastKnownFileType = sourcecode.swift; path = "MenuBar+DelegateMethods.swift"; sourceTree = "<group>"; };
		F1934F241ED3C5E100C2B9EE /* PropertiesController+CollectionViewDelegates.swift */ = {isa = PBXFileReference; fileEncoding = 4; lastKnownFileType = sourcecode.swift; path = "PropertiesController+CollectionViewDelegates.swift"; sourceTree = "<group>"; };
		F1934F2A1ED3E66E00C2B9EE /* NestDemoDomainAsyncTests.xctest */ = {isa = PBXFileReference; explicitFileType = wrapper.cfbundle; includeInIndex = 0; path = NestDemoDomainAsyncTests.xctest; sourceTree = BUILT_PRODUCTS_DIR; };
		F1934F2C1ED3E66E00C2B9EE /* NestDemoDomainAsyncTests.swift */ = {isa = PBXFileReference; lastKnownFileType = sourcecode.swift; path = NestDemoDomainAsyncTests.swift; sourceTree = "<group>"; };
		F1934F2E1ED3E66E00C2B9EE /* Info.plist */ = {isa = PBXFileReference; lastKnownFileType = text.plist.xml; path = Info.plist; sourceTree = "<group>"; };
		F1934F341ED3F21E00C2B9EE /* APIManager.swift */ = {isa = PBXFileReference; fileEncoding = 4; lastKnownFileType = sourcecode.swift; path = APIManager.swift; sourceTree = "<group>"; };
/* End PBXFileReference section */

/* Begin PBXFrameworksBuildPhase section */
		F15D1DD11ED508E600EFB16B /* Frameworks */ = {
			isa = PBXFrameworksBuildPhase;
			buildActionMask = 2147483647;
			files = (
			);
			runOnlyForDeploymentPostprocessing = 0;
		};
		F17180D31ED25A1600C76C57 /* Frameworks */ = {
			isa = PBXFrameworksBuildPhase;
			buildActionMask = 2147483647;
			files = (
			);
			runOnlyForDeploymentPostprocessing = 0;
		};
		F17D07C61EDD1D3C00CF5A15 /* Frameworks */ = {
			isa = PBXFrameworksBuildPhase;
			buildActionMask = 2147483647;
			files = (
			);
			runOnlyForDeploymentPostprocessing = 0;
		};
		F1934F271ED3E66E00C2B9EE /* Frameworks */ = {
			isa = PBXFrameworksBuildPhase;
			buildActionMask = 2147483647;
			files = (
			);
			runOnlyForDeploymentPostprocessing = 0;
		};
/* End PBXFrameworksBuildPhase section */

/* Begin PBXGroup section */
		F15D1DD51ED508E600EFB16B /* NestDemoDomainMockTests */ = {
			isa = PBXGroup;
			children = (
				F15D1DE11ED5099000EFB16B /* TestToCheckMockResponse */,
				F15D1DE01ED5098000EFB16B /* DummyResponseData */,
				F15D1DD81ED508E600EFB16B /* Info.plist */,
			);
			path = NestDemoDomainMockTests;
			sourceTree = "<group>";
		};
		F15D1DE01ED5098000EFB16B /* DummyResponseData */ = {
			isa = PBXGroup;
			children = (
				F15D1DDE1ED5091A00EFB16B /* PropertiesAPIMock.json */,
			);
			name = DummyResponseData;
			sourceTree = "<group>";
		};
		F15D1DE11ED5099000EFB16B /* TestToCheckMockResponse */ = {
			isa = PBXGroup;
			children = (
				F15D1DD61ED508E600EFB16B /* NestDemoDomainMockTests.swift */,
			);
			name = TestToCheckMockResponse;
			sourceTree = "<group>";
		};
		F17180CD1ED25A1600C76C57 = {
			isa = PBXGroup;
			children = (
				F17180D81ED25A1600C76C57 /* NestDemoDomain */,
				F1934F1D1ED3BB3500C2B9EE /* SupportingFiles */,
				F1934F2B1ED3E66E00C2B9EE /* NestDemoDomainAsyncTests */,
				F15D1DD51ED508E600EFB16B /* NestDemoDomainMockTests */,
				F17D07CA1EDD1D3C00CF5A15 /* NestDemoDomainTests */,
				F17180D71ED25A1600C76C57 /* Products */,
			);
			sourceTree = "<group>";
		};
		F17180D71ED25A1600C76C57 /* Products */ = {
			isa = PBXGroup;
			children = (
				F17180D61ED25A1600C76C57 /* NestDemoDomain.app */,
				F1934F2A1ED3E66E00C2B9EE /* NestDemoDomainAsyncTests.xctest */,
				F15D1DD41ED508E600EFB16B /* NestDemoDomainMockTests.xctest */,
				F17D07C91EDD1D3C00CF5A15 /* NestDemoDomainTests.xctest */,
			);
			name = Products;
			sourceTree = "<group>";
		};
		F17180D81ED25A1600C76C57 /* NestDemoDomain */ = {
			isa = PBXGroup;
			children = (
				F1934F361ED3F22700C2B9EE /* Networking */,
				F1934F1F1ED3BB6E00C2B9EE /* Model */,
				F1934F1E1ED3BB5300C2B9EE /* AppDelegate */,
				F17181121ED2D35700C76C57 /* Views */,
				F171810E1ED2A4A000C76C57 /* Controllers */,
			);
			path = NestDemoDomain;
			sourceTree = "<group>";
		};
		F171810E1ED2A4A000C76C57 /* Controllers */ = {
			isa = PBXGroup;
			children = (
				F17180DB1ED25A1600C76C57 /* PropertiesController.swift */,
				F1934F241ED3C5E100C2B9EE /* PropertiesController+CollectionViewDelegates.swift */,
			);
			path = Controllers;
			sourceTree = "<group>";
		};
		F17181111ED2D33C00C76C57 /* CollectionViewCells */ = {
			isa = PBXGroup;
			children = (
				F1934F1B1ED3B29F00C2B9EE /* BaseCell.swift */,
				F171810F1ED2A8DB00C76C57 /* PropertiesCell.swift */,
				F1934F191ED3AD8100C2B9EE /* MenuCell.swift */,
				F1911DE61ED647F600E9A5CE /* FeedCell.swift */,
				F1911DE81ED6622C00E9A5CE /* BuyCell.swift */,
			);
			path = CollectionViewCells;
			sourceTree = "<group>";
		};
		F17181121ED2D35700C76C57 /* Views */ = {
			isa = PBXGroup;
			children = (
				F1934F171ED2FB0F00C2B9EE /* MenuBar.swift */,
				F1934F221ED3C58900C2B9EE /* MenuBar+DelegateMethods.swift */,
				F17181111ED2D33C00C76C57 /* CollectionViewCells */,
			);
			path = Views;
			sourceTree = "<group>";
		};
		F17D07BC1EDCEF3D00CF5A15 /* Errors */ = {
			isa = PBXGroup;
			children = (
				F17D07BD1EDCEF7C00CF5A15 /* APIErrors.swift */,
			);
			path = Errors;
			sourceTree = "<group>";
		};
		F17D07CA1EDD1D3C00CF5A15 /* NestDemoDomainTests */ = {
			isa = PBXGroup;
			children = (
				F17D07D31EDD1D7600CF5A15 /* Data */,
				F17D07D61EDD1DA100CF5A15 /* Tests */,
				F17D07CD1EDD1D3C00CF5A15 /* Info.plist */,
			);
			path = NestDemoDomainTests;
			sourceTree = "<group>";
		};
		F17D07D31EDD1D7600CF5A15 /* Data */ = {
			isa = PBXGroup;
			children = (
				F17D07D41EDD1D9900CF5A15 /* Test.json */,
			);
			name = Data;
			sourceTree = "<group>";
		};
		F17D07D61EDD1DA100CF5A15 /* Tests */ = {
			isa = PBXGroup;
			children = (
				F17D07CB1EDD1D3C00CF5A15 /* NestDemoDomainTests.swift */,
			);
			name = Tests;
			sourceTree = "<group>";
		};
		F1934F1D1ED3BB3500C2B9EE /* SupportingFiles */ = {
			isa = PBXGroup;
			children = (
				F17180E51ED25A1600C76C57 /* Info.plist */,
				F17180E01ED25A1600C76C57 /* Assets.xcassets */,
				F17180E21ED25A1600C76C57 /* LaunchScreen.storyboard */,
				F17181131ED2D76C00C76C57 /* ViewHelper.swift */,
				F15D1DE21ED50A4800EFB16B /* MockURLSession.swift */,
			);
			path = SupportingFiles;
			sourceTree = "<group>";
		};
		F1934F1E1ED3BB5300C2B9EE /* AppDelegate */ = {
			isa = PBXGroup;
			children = (
				F17180D91ED25A1600C76C57 /* AppDelegate.swift */,
			);
			path = AppDelegate;
			sourceTree = "<group>";
		};
		F1934F1F1ED3BB6E00C2B9EE /* Model */ = {
			isa = PBXGroup;
			children = (
				F1934F201ED3BBA000C2B9EE /* Property.swift */,
			);
			path = Model;
			sourceTree = "<group>";
		};
		F1934F2B1ED3E66E00C2B9EE /* NestDemoDomainAsyncTests */ = {
			isa = PBXGroup;
			children = (
				F1934F2C1ED3E66E00C2B9EE /* NestDemoDomainAsyncTests.swift */,
				F1934F2E1ED3E66E00C2B9EE /* Info.plist */,
			);
			path = NestDemoDomainAsyncTests;
			sourceTree = "<group>";
		};
		F1934F361ED3F22700C2B9EE /* Networking */ = {
			isa = PBXGroup;
			children = (
				F17D07BC1EDCEF3D00CF5A15 /* Errors */,
				F1934F341ED3F21E00C2B9EE /* APIManager.swift */,
				F1911DEA1ED6AE8800E9A5CE /* PropertiesRequestRouter.swift */,
			);
			path = Networking;
			sourceTree = "<group>";
		};
/* End PBXGroup section */

/* Begin PBXNativeTarget section */
		F15D1DD31ED508E600EFB16B /* NestDemoDomainMockTests */ = {
			isa = PBXNativeTarget;
			buildConfigurationList = F15D1DDD1ED508E600EFB16B /* Build configuration list for PBXNativeTarget "NestDemoDomainMockTests" */;
			buildPhases = (
				F15D1DD01ED508E600EFB16B /* Sources */,
				F15D1DD11ED508E600EFB16B /* Frameworks */,
				F15D1DD21ED508E600EFB16B /* Resources */,
			);
			buildRules = (
			);
			dependencies = (
				F15D1DDA1ED508E600EFB16B /* PBXTargetDependency */,
			);
			name = NestDemoDomainMockTests;
			productName = NestDemoDomainMockTests;
			productReference = F15D1DD41ED508E600EFB16B /* NestDemoDomainMockTests.xctest */;
			productType = "com.apple.product-type.bundle.unit-test";
		};
		F17180D51ED25A1600C76C57 /* NestDemoDomain */ = {
			isa = PBXNativeTarget;
			buildConfigurationList = F17180E81ED25A1600C76C57 /* Build configuration list for PBXNativeTarget "NestDemoDomain" */;
			buildPhases = (
				F17180D21ED25A1600C76C57 /* Sources */,
				F17180D31ED25A1600C76C57 /* Frameworks */,
				F17180D41ED25A1600C76C57 /* Resources */,
			);
			buildRules = (
			);
			dependencies = (
			);
			name = NestDemoDomain;
			productName = NestDemoDomain;
			productReference = F17180D61ED25A1600C76C57 /* NestDemoDomain.app */;
			productType = "com.apple.product-type.application";
		};
		F17D07C81EDD1D3C00CF5A15 /* NestDemoDomainTests */ = {
			isa = PBXNativeTarget;
			buildConfigurationList = F17D07D01EDD1D3C00CF5A15 /* Build configuration list for PBXNativeTarget "NestDemoDomainTests" */;
			buildPhases = (
				F17D07C51EDD1D3C00CF5A15 /* Sources */,
				F17D07C61EDD1D3C00CF5A15 /* Frameworks */,
				F17D07C71EDD1D3C00CF5A15 /* Resources */,
			);
			buildRules = (
			);
			dependencies = (
				F17D07CF1EDD1D3C00CF5A15 /* PBXTargetDependency */,
			);
			name = NestDemoDomainTests;
			productName = NestDemoDomainTests;
			productReference = F17D07C91EDD1D3C00CF5A15 /* NestDemoDomainTests.xctest */;
			productType = "com.apple.product-type.bundle.unit-test";
		};
		F1934F291ED3E66E00C2B9EE /* NestDemoDomainAsyncTests */ = {
			isa = PBXNativeTarget;
			buildConfigurationList = F1934F311ED3E66E00C2B9EE /* Build configuration list for PBXNativeTarget "NestDemoDomainAsyncTests" */;
			buildPhases = (
				F1934F261ED3E66E00C2B9EE /* Sources */,
				F1934F271ED3E66E00C2B9EE /* Frameworks */,
				F1934F281ED3E66E00C2B9EE /* Resources */,
			);
			buildRules = (
			);
			dependencies = (
				F1934F301ED3E66E00C2B9EE /* PBXTargetDependency */,
			);
			name = NestDemoDomainAsyncTests;
			productName = NestDemoDomainAsyncTests;
			productReference = F1934F2A1ED3E66E00C2B9EE /* NestDemoDomainAsyncTests.xctest */;
			productType = "com.apple.product-type.bundle.unit-test";
		};
/* End PBXNativeTarget section */

/* Begin PBXProject section */
		F17180CE1ED25A1600C76C57 /* Project object */ = {
			isa = PBXProject;
			attributes = {
				LastSwiftUpdateCheck = 0830;
				LastUpgradeCheck = 0830;
				ORGANIZATIONNAME = Navdeep;
				TargetAttributes = {
					F15D1DD31ED508E600EFB16B = {
						CreatedOnToolsVersion = 8.3.2;
						ProvisioningStyle = Automatic;
						TestTargetID = F17180D51ED25A1600C76C57;
					};
					F17180D51ED25A1600C76C57 = {
						CreatedOnToolsVersion = 8.3.2;
						DevelopmentTeam = J7285MX229;
						ProvisioningStyle = Automatic;
					};
					F17D07C81EDD1D3C00CF5A15 = {
						CreatedOnToolsVersion = 8.3.2;
						ProvisioningStyle = Automatic;
						TestTargetID = F17180D51ED25A1600C76C57;
					};
					F1934F291ED3E66E00C2B9EE = {
						CreatedOnToolsVersion = 8.3.2;
						ProvisioningStyle = Automatic;
						TestTargetID = F17180D51ED25A1600C76C57;
					};
				};
			};
			buildConfigurationList = F17180D11ED25A1600C76C57 /* Build configuration list for PBXProject "NestDemoDomain" */;
			compatibilityVersion = "Xcode 3.2";
			developmentRegion = English;
			hasScannedForEncodings = 0;
			knownRegions = (
				en,
				Base,
			);
			mainGroup = F17180CD1ED25A1600C76C57;
			productRefGroup = F17180D71ED25A1600C76C57 /* Products */;
			projectDirPath = "";
			projectRoot = "";
			targets = (
				F17180D51ED25A1600C76C57 /* NestDemoDomain */,
				F1934F291ED3E66E00C2B9EE /* NestDemoDomainAsyncTests */,
				F15D1DD31ED508E600EFB16B /* NestDemoDomainMockTests */,
				F17D07C81EDD1D3C00CF5A15 /* NestDemoDomainTests */,
			);
		};
/* End PBXProject section */

/* Begin PBXResourcesBuildPhase section */
		F15D1DD21ED508E600EFB16B /* Resources */ = {
			isa = PBXResourcesBuildPhase;
			buildActionMask = 2147483647;
			files = (
				F15D1DDF1ED5091A00EFB16B /* PropertiesAPIMock.json in Resources */,
			);
			runOnlyForDeploymentPostprocessing = 0;
		};
		F17180D41ED25A1600C76C57 /* Resources */ = {
			isa = PBXResourcesBuildPhase;
			buildActionMask = 2147483647;
			files = (
				F17180E41ED25A1600C76C57 /* LaunchScreen.storyboard in Resources */,
				F17180E11ED25A1600C76C57 /* Assets.xcassets in Resources */,
			);
			runOnlyForDeploymentPostprocessing = 0;
		};
		F17D07C71EDD1D3C00CF5A15 /* Resources */ = {
			isa = PBXResourcesBuildPhase;
			buildActionMask = 2147483647;
			files = (
				F17D07D51EDD1D9900CF5A15 /* Test.json in Resources */,
			);
			runOnlyForDeploymentPostprocessing = 0;
		};
		F1934F281ED3E66E00C2B9EE /* Resources */ = {
			isa = PBXResourcesBuildPhase;
			buildActionMask = 2147483647;
			files = (
			);
			runOnlyForDeploymentPostprocessing = 0;
		};
/* End PBXResourcesBuildPhase section */

/* Begin PBXSourcesBuildPhase section */
		F15D1DD01ED508E600EFB16B /* Sources */ = {
			isa = PBXSourcesBuildPhase;
			buildActionMask = 2147483647;
			files = (
				F15D1DE51ED50E3200EFB16B /* APIManager.swift in Sources */,
				F1C66D901EDABC5700D3FD38 /* PropertiesRequestRouter.swift in Sources */,
				F15D1DE41ED50A4800EFB16B /* MockURLSession.swift in Sources */,
				F15D1DE61ED50FCA00EFB16B /* Property.swift in Sources */,
				F15D1DD71ED508E600EFB16B /* NestDemoDomainMockTests.swift in Sources */,
				F17D07C01EDD10EE00CF5A15 /* APIErrors.swift in Sources */,
			);
			runOnlyForDeploymentPostprocessing = 0;
		};
		F17180D21ED25A1600C76C57 /* Sources */ = {
			isa = PBXSourcesBuildPhase;
			buildActionMask = 2147483647;
			files = (
				F15D1DE31ED50A4800EFB16B /* MockURLSession.swift in Sources */,
				F17D07BE1EDCEF7C00CF5A15 /* APIErrors.swift in Sources */,
				F1911DEB1ED6AE8800E9A5CE /* PropertiesRequestRouter.swift in Sources */,
				F1911DE71ED647F600E9A5CE /* FeedCell.swift in Sources */,
				F17180DC1ED25A1600C76C57 /* PropertiesController.swift in Sources */,
				F17181101ED2A8DB00C76C57 /* PropertiesCell.swift in Sources */,
				F1934F1A1ED3AD8100C2B9EE /* MenuCell.swift in Sources */,
				F17181141ED2D76C00C76C57 /* ViewHelper.swift in Sources */,
				F1911DE91ED6622C00E9A5CE /* BuyCell.swift in Sources */,
				F1934F351ED3F21E00C2B9EE /* APIManager.swift in Sources */,
				F1934F1C1ED3B29F00C2B9EE /* BaseCell.swift in Sources */,
				F17180DA1ED25A1600C76C57 /* AppDelegate.swift in Sources */,
				F1934F211ED3BBA000C2B9EE /* Property.swift in Sources */,
				F1934F231ED3C58900C2B9EE /* MenuBar+DelegateMethods.swift in Sources */,
				F1934F251ED3C5E100C2B9EE /* PropertiesController+CollectionViewDelegates.swift in Sources */,
				F1934F181ED2FB0F00C2B9EE /* MenuBar.swift in Sources */,
			);
			runOnlyForDeploymentPostprocessing = 0;
		};
		F17D07C51EDD1D3C00CF5A15 /* Sources */ = {
			isa = PBXSourcesBuildPhase;
			buildActionMask = 2147483647;
			files = (
				F17D07CC1EDD1D3C00CF5A15 /* NestDemoDomainTests.swift in Sources */,
			);
			runOnlyForDeploymentPostprocessing = 0;
		};
		F1934F261ED3E66E00C2B9EE /* Sources */ = {
			isa = PBXSourcesBuildPhase;
			buildActionMask = 2147483647;
			files = (
				F17D07BF1EDCF37600CF5A15 /* APIManager.swift in Sources */,
				F17D07C41EDD118100CF5A15 /* PropertiesRequestRouter.swift in Sources */,
				F1934F2D1ED3E66E00C2B9EE /* NestDemoDomainAsyncTests.swift in Sources */,
				F17D07C21EDD115800CF5A15 /* Property.swift in Sources */,
				F17D07C31EDD116D00CF5A15 /* MockURLSession.swift in Sources */,
				F17D07C11EDD113800CF5A15 /* APIErrors.swift in Sources */,
				F17D07D71EDD241000CF5A15 /* ViewHelper.swift in Sources */,
			);
			runOnlyForDeploymentPostprocessing = 0;
		};
/* End PBXSourcesBuildPhase section */

/* Begin PBXTargetDependency section */
		F15D1DDA1ED508E600EFB16B /* PBXTargetDependency */ = {
			isa = PBXTargetDependency;
			target = F17180D51ED25A1600C76C57 /* NestDemoDomain */;
			targetProxy = F15D1DD91ED508E600EFB16B /* PBXContainerItemProxy */;
		};
		F17D07CF1EDD1D3C00CF5A15 /* PBXTargetDependency */ = {
			isa = PBXTargetDependency;
			target = F17180D51ED25A1600C76C57 /* NestDemoDomain */;
			targetProxy = F17D07CE1EDD1D3C00CF5A15 /* PBXContainerItemProxy */;
		};
		F1934F301ED3E66E00C2B9EE /* PBXTargetDependency */ = {
			isa = PBXTargetDependency;
			target = F17180D51ED25A1600C76C57 /* NestDemoDomain */;
			targetProxy = F1934F2F1ED3E66E00C2B9EE /* PBXContainerItemProxy */;
		};
/* End PBXTargetDependency section */

/* Begin PBXVariantGroup section */
		F17180E21ED25A1600C76C57 /* LaunchScreen.storyboard */ = {
			isa = PBXVariantGroup;
			children = (
				F17180E31ED25A1600C76C57 /* Base */,
			);
			name = LaunchScreen.storyboard;
			path = ../NestDemoDomain;
			sourceTree = "<group>";
		};
/* End PBXVariantGroup section */

/* Begin XCBuildConfiguration section */
		F15D1DDB1ED508E600EFB16B /* Debug */ = {
			isa = XCBuildConfiguration;
			buildSettings = {
				BUNDLE_LOADER = "$(TEST_HOST)";
				INFOPLIST_FILE = NestDemoDomainMockTests/Info.plist;
				LD_RUNPATH_SEARCH_PATHS = "$(inherited) @executable_path/Frameworks @loader_path/Frameworks";
				PRODUCT_BUNDLE_IDENTIFIER = com.Navdeep.NestDemoDomainMockTests;
				PRODUCT_NAME = "$(TARGET_NAME)";
				SWIFT_VERSION = 3.0;
				TEST_HOST = "$(BUILT_PRODUCTS_DIR)/NestDemoDomain.app/NestDemoDomain";
			};
			name = Debug;
		};
		F15D1DDC1ED508E600EFB16B /* Release */ = {
			isa = XCBuildConfiguration;
			buildSettings = {
				BUNDLE_LOADER = "$(TEST_HOST)";
				INFOPLIST_FILE = NestDemoDomainMockTests/Info.plist;
				LD_RUNPATH_SEARCH_PATHS = "$(inherited) @executable_path/Frameworks @loader_path/Frameworks";
				PRODUCT_BUNDLE_IDENTIFIER = com.Navdeep.NestDemoDomainMockTests;
				PRODUCT_NAME = "$(TARGET_NAME)";
				SWIFT_VERSION = 3.0;
				TEST_HOST = "$(BUILT_PRODUCTS_DIR)/NestDemoDomain.app/NestDemoDomain";
			};
			name = Release;
		};
		F17180E61ED25A1600C76C57 /* Debug */ = {
			isa = XCBuildConfiguration;
			buildSettings = {
				ALWAYS_SEARCH_USER_PATHS = NO;
				CLANG_ANALYZER_NONNULL = YES;
				CLANG_ANALYZER_NUMBER_OBJECT_CONVERSION = YES_AGGRESSIVE;
				CLANG_CXX_LANGUAGE_STANDARD = "gnu++0x";
				CLANG_CXX_LIBRARY = "libc++";
				CLANG_ENABLE_MODULES = YES;
				CLANG_ENABLE_OBJC_ARC = YES;
				CLANG_WARN_BOOL_CONVERSION = YES;
				CLANG_WARN_CONSTANT_CONVERSION = YES;
				CLANG_WARN_DIRECT_OBJC_ISA_USAGE = YES_ERROR;
				CLANG_WARN_DOCUMENTATION_COMMENTS = YES;
				CLANG_WARN_EMPTY_BODY = YES;
				CLANG_WARN_ENUM_CONVERSION = YES;
				CLANG_WARN_INFINITE_RECURSION = YES;
				CLANG_WARN_INT_CONVERSION = YES;
				CLANG_WARN_OBJC_ROOT_CLASS = YES_ERROR;
				CLANG_WARN_SUSPICIOUS_MOVE = YES;
				CLANG_WARN_UNREACHABLE_CODE = YES;
				CLANG_WARN__DUPLICATE_METHOD_MATCH = YES;
				"CODE_SIGN_IDENTITY[sdk=iphoneos*]" = "iPhone Developer";
				COPY_PHASE_STRIP = NO;
				DEBUG_INFORMATION_FORMAT = dwarf;
				ENABLE_STRICT_OBJC_MSGSEND = YES;
				ENABLE_TESTABILITY = YES;
				GCC_C_LANGUAGE_STANDARD = gnu99;
				GCC_DYNAMIC_NO_PIC = NO;
				GCC_NO_COMMON_BLOCKS = YES;
				GCC_OPTIMIZATION_LEVEL = 0;
				GCC_PREPROCESSOR_DEFINITIONS = (
					"DEBUG=1",
					"$(inherited)",
				);
				GCC_WARN_64_TO_32_BIT_CONVERSION = YES;
				GCC_WARN_ABOUT_RETURN_TYPE = YES_ERROR;
				GCC_WARN_UNDECLARED_SELECTOR = YES;
				GCC_WARN_UNINITIALIZED_AUTOS = YES_AGGRESSIVE;
				GCC_WARN_UNUSED_FUNCTION = YES;
				GCC_WARN_UNUSED_VARIABLE = YES;
				IPHONEOS_DEPLOYMENT_TARGET = 10.3;
				MTL_ENABLE_DEBUG_INFO = YES;
				ONLY_ACTIVE_ARCH = YES;
				SDKROOT = iphoneos;
				SWIFT_ACTIVE_COMPILATION_CONDITIONS = DEBUG;
				SWIFT_OPTIMIZATION_LEVEL = "-Onone";
				TARGETED_DEVICE_FAMILY = "1,2";
			};
			name = Debug;
		};
		F17180E71ED25A1600C76C57 /* Release */ = {
			isa = XCBuildConfiguration;
			buildSettings = {
				ALWAYS_SEARCH_USER_PATHS = NO;
				CLANG_ANALYZER_NONNULL = YES;
				CLANG_ANALYZER_NUMBER_OBJECT_CONVERSION = YES_AGGRESSIVE;
				CLANG_CXX_LANGUAGE_STANDARD = "gnu++0x";
				CLANG_CXX_LIBRARY = "libc++";
				CLANG_ENABLE_MODULES = YES;
				CLANG_ENABLE_OBJC_ARC = YES;
				CLANG_WARN_BOOL_CONVERSION = YES;
				CLANG_WARN_CONSTANT_CONVERSION = YES;
				CLANG_WARN_DIRECT_OBJC_ISA_USAGE = YES_ERROR;
				CLANG_WARN_DOCUMENTATION_COMMENTS = YES;
				CLANG_WARN_EMPTY_BODY = YES;
				CLANG_WARN_ENUM_CONVERSION = YES;
				CLANG_WARN_INFINITE_RECURSION = YES;
				CLANG_WARN_INT_CONVERSION = YES;
				CLANG_WARN_OBJC_ROOT_CLASS = YES_ERROR;
				CLANG_WARN_SUSPICIOUS_MOVE = YES;
				CLANG_WARN_UNREACHABLE_CODE = YES;
				CLANG_WARN__DUPLICATE_METHOD_MATCH = YES;
				"CODE_SIGN_IDENTITY[sdk=iphoneos*]" = "iPhone Developer";
				COPY_PHASE_STRIP = NO;
				DEBUG_INFORMATION_FORMAT = "dwarf-with-dsym";
				ENABLE_NS_ASSERTIONS = NO;
				ENABLE_STRICT_OBJC_MSGSEND = YES;
				GCC_C_LANGUAGE_STANDARD = gnu99;
				GCC_NO_COMMON_BLOCKS = YES;
				GCC_WARN_64_TO_32_BIT_CONVERSION = YES;
				GCC_WARN_ABOUT_RETURN_TYPE = YES_ERROR;
				GCC_WARN_UNDECLARED_SELECTOR = YES;
				GCC_WARN_UNINITIALIZED_AUTOS = YES_AGGRESSIVE;
				GCC_WARN_UNUSED_FUNCTION = YES;
				GCC_WARN_UNUSED_VARIABLE = YES;
				IPHONEOS_DEPLOYMENT_TARGET = 10.3;
				MTL_ENABLE_DEBUG_INFO = NO;
				SDKROOT = iphoneos;
				SWIFT_OPTIMIZATION_LEVEL = "-Owholemodule";
				TARGETED_DEVICE_FAMILY = "1,2";
				VALIDATE_PRODUCT = YES;
			};
			name = Release;
		};
		F17180E91ED25A1600C76C57 /* Debug */ = {
			isa = XCBuildConfiguration;
			buildSettings = {
				ASSETCATALOG_COMPILER_APPICON_NAME = AppIcon;
				DEVELOPMENT_TEAM = J7285MX229;
				INFOPLIST_FILE = NestDemoDomain/Info.plist;
				LD_RUNPATH_SEARCH_PATHS = "$(inherited) @executable_path/Frameworks";
				PRODUCT_BUNDLE_IDENTIFIER = com.Navdeep.NestDemoDomain;
				PRODUCT_NAME = "$(TARGET_NAME)";
				SWIFT_VERSION = 3.0;
			};
			name = Debug;
		};
		F17180EA1ED25A1600C76C57 /* Release */ = {
			isa = XCBuildConfiguration;
			buildSettings = {
				ASSETCATALOG_COMPILER_APPICON_NAME = AppIcon;
				DEVELOPMENT_TEAM = J7285MX229;
				INFOPLIST_FILE = NestDemoDomain/Info.plist;
				LD_RUNPATH_SEARCH_PATHS = "$(inherited) @executable_path/Frameworks";
				PRODUCT_BUNDLE_IDENTIFIER = com.Navdeep.NestDemoDomain;
				PRODUCT_NAME = "$(TARGET_NAME)";
				SWIFT_VERSION = 3.0;
			};
			name = Release;
		};
		F17D07D11EDD1D3C00CF5A15 /* Debug */ = {
			isa = XCBuildConfiguration;
			buildSettings = {
				BUNDLE_LOADER = "$(TEST_HOST)";
				INFOPLIST_FILE = NestDemoDomainTests/Info.plist;
				LD_RUNPATH_SEARCH_PATHS = "$(inherited) @executable_path/Frameworks @loader_path/Frameworks";
				PRODUCT_BUNDLE_IDENTIFIER = com.Navdeep.NestDemoDomainTests;
				PRODUCT_NAME = "$(TARGET_NAME)";
				SWIFT_VERSION = 3.0;
				TEST_HOST = "$(BUILT_PRODUCTS_DIR)/NestDemoDomain.app/NestDemoDomain";
			};
			name = Debug;
		};
		F17D07D21EDD1D3C00CF5A15 /* Release */ = {
			isa = XCBuildConfiguration;
			buildSettings = {
				BUNDLE_LOADER = "$(TEST_HOST)";
				INFOPLIST_FILE = NestDemoDomainTests/Info.plist;
				LD_RUNPATH_SEARCH_PATHS = "$(inherited) @executable_path/Frameworks @loader_path/Frameworks";
				PRODUCT_BUNDLE_IDENTIFIER = com.Navdeep.NestDemoDomainTests;
				PRODUCT_NAME = "$(TARGET_NAME)";
				SWIFT_VERSION = 3.0;
				TEST_HOST = "$(BUILT_PRODUCTS_DIR)/NestDemoDomain.app/NestDemoDomain";
			};
			name = Release;
		};
		F1934F321ED3E66E00C2B9EE /* Debug */ = {
			isa = XCBuildConfiguration;
			buildSettings = {
				BUNDLE_LOADER = "$(TEST_HOST)";
				INFOPLIST_FILE = NestDemoDomainAsyncTests/Info.plist;
				LD_RUNPATH_SEARCH_PATHS = "$(inherited) @executable_path/Frameworks @loader_path/Frameworks";
				PRODUCT_BUNDLE_IDENTIFIER = com.Navdeep.NestDemoDomainAsyncTests;
				PRODUCT_NAME = "$(TARGET_NAME)";
				SWIFT_VERSION = 3.0;
				TEST_HOST = "$(BUILT_PRODUCTS_DIR)/NestDemoDomain.app/NestDemoDomain";
			};
			name = Debug;
		};
		F1934F331ED3E66E00C2B9EE /* Release */ = {
			isa = XCBuildConfiguration;
			buildSettings = {
				BUNDLE_LOADER = "$(TEST_HOST)";
				INFOPLIST_FILE = NestDemoDomainAsyncTests/Info.plist;
				LD_RUNPATH_SEARCH_PATHS = "$(inherited) @executable_path/Frameworks @loader_path/Frameworks";
				PRODUCT_BUNDLE_IDENTIFIER = com.Navdeep.NestDemoDomainAsyncTests;
				PRODUCT_NAME = "$(TARGET_NAME)";
				SWIFT_VERSION = 3.0;
				TEST_HOST = "$(BUILT_PRODUCTS_DIR)/NestDemoDomain.app/NestDemoDomain";
			};
			name = Release;
		};
/* End XCBuildConfiguration section */

/* Begin XCConfigurationList section */
		F15D1DDD1ED508E600EFB16B /* Build configuration list for PBXNativeTarget "NestDemoDomainMockTests" */ = {
			isa = XCConfigurationList;
			buildConfigurations = (
				F15D1DDB1ED508E600EFB16B /* Debug */,
				F15D1DDC1ED508E600EFB16B /* Release */,
			);
			defaultConfigurationIsVisible = 0;
			defaultConfigurationName = Release;
		};
		F17180D11ED25A1600C76C57 /* Build configuration list for PBXProject "NestDemoDomain" */ = {
			isa = XCConfigurationList;
			buildConfigurations = (
				F17180E61ED25A1600C76C57 /* Debug */,
				F17180E71ED25A1600C76C57 /* Release */,
			);
			defaultConfigurationIsVisible = 0;
			defaultConfigurationName = Release;
		};
		F17180E81ED25A1600C76C57 /* Build configuration list for PBXNativeTarget "NestDemoDomain" */ = {
			isa = XCConfigurationList;
			buildConfigurations = (
				F17180E91ED25A1600C76C57 /* Debug */,
				F17180EA1ED25A1600C76C57 /* Release */,
			);
			defaultConfigurationIsVisible = 0;
			defaultConfigurationName = Release;
		};
		F17D07D01EDD1D3C00CF5A15 /* Build configuration list for PBXNativeTarget "NestDemoDomainTests" */ = {
			isa = XCConfigurationList;
			buildConfigurations = (
				F17D07D11EDD1D3C00CF5A15 /* Debug */,
				F17D07D21EDD1D3C00CF5A15 /* Release */,
			);
			defaultConfigurationIsVisible = 0;
		};
		F1934F311ED3E66E00C2B9EE /* Build configuration list for PBXNativeTarget "NestDemoDomainAsyncTests" */ = {
			isa = XCConfigurationList;
			buildConfigurations = (
				F1934F321ED3E66E00C2B9EE /* Debug */,
				F1934F331ED3E66E00C2B9EE /* Release */,
			);
			defaultConfigurationIsVisible = 0;
			defaultConfigurationName = Release;
		};
/* End XCConfigurationList section */
	};
	rootObject = F17180CE1ED25A1600C76C57 /* Project object */;
}
